
Microsoft Visual Studio Solution File, Format Version 11.00
# Visual Studio 2010
Project("{FAE04EC0-301F-11D3-BF4B-00C04F79EFBC}") = "VuforiaScripts", "VuforiaScripts.csproj", "{4D191645-D560-823C-3BF6-348B5AA653C0}"
EndProject
Project("{FAE04EC0-301F-11D3-BF4B-00C04F79EFBC}") = "Assembly-CSharp", "Assembly-CSharp.csproj", "{458474FF-14DE-F596-7DAF-3902CAD32EB4}"
EndProject
Project("{FAE04EC0-301F-11D3-BF4B-00C04F79EFBC}") = "VuforiaEditorScripts", "VuforiaEditorScripts.csproj", "{BAFC00D2-1255-0EDF-0E7B-2FE9BEE4FD5D}"
EndProject
Global
	GlobalSection(SolutionConfigurationPlatforms) = preSolution
		Debug|Any CPU = Debug|Any CPU
		Release|Any CPU = Release|Any CPU
	EndGlobalSection
	GlobalSection(ProjectConfigurationPlatforms) = postSolution
		{4D191645-D560-823C-3BF6-348B5AA653C0}.Debug|Any CPU.ActiveCfg = Debug|Any CPU
		{4D191645-D560-823C-3BF6-348B5AA653C0}.Debug|Any CPU.Build.0 = Debug|Any CPU
		{4D191645-D560-823C-3BF6-348B5AA653C0}.Release|Any CPU.ActiveCfg = Release|Any CPU
		{4D191645-D560-823C-3BF6-348B5AA653C0}.Release|Any CPU.Build.0 = Release|Any CPU
		{458474FF-14DE-F596-7DAF-3902CAD32EB4}.Debug|Any CPU.ActiveCfg = Debug|Any CPU
		{458474FF-14DE-F596-7DAF-3902CAD32EB4}.Debug|Any CPU.Build.0 = Debug|Any CPU
		{458474FF-14DE-F596-7DAF-3902CAD32EB4}.Release|Any CPU.ActiveCfg = Release|Any CPU
		{458474FF-14DE-F596-7DAF-3902CAD32EB4}.Release|Any CPU.Build.0 = Release|Any CPU
		{BAFC00D2-1255-0EDF-0E7B-2FE9BEE4FD5D}.Debug|Any CPU.ActiveCfg = Debug|Any CPU
		{BAFC00D2-1255-0EDF-0E7B-2FE9BEE4FD5D}.Debug|Any CPU.Build.0 = Debug|Any CPU
		{BAFC00D2-1255-0EDF-0E7B-2FE9BEE4FD5D}.Release|Any CPU.ActiveCfg = Release|Any CPU
		{BAFC00D2-1255-0EDF-0E7B-2FE9BEE4FD5D}.Release|Any CPU.Build.0 = Release|Any CPU
	EndGlobalSection
	GlobalSection(SolutionProperties) = preSolution
		HideSolutionNode = FALSE
	EndGlobalSection
	GlobalSection(MonoDevelopProperties) = preSolution
		StartupItem = Assembly-CSharp.csproj
	EndGlobalSection
EndGlobal
