
Microsoft Visual Studio Solution File, Format Version 12.00
# Visual Studio for Mac
Project("{FAE04EC0-301F-11D3-BF4B-00C04F79EFBC}") = "Assembly-CSharp", "Assembly-CSharp.csproj", "{798D0ADB-0EA8-0E53-B483-8625EE5EF0E7}"
EndProject
Project("{FAE04EC0-301F-11D3-BF4B-00C04F79EFBC}") = "VuforiaScripts", "VuforiaScripts.csproj", "{AA6A6BDE-5E0E-54AB-6612-8846F805EF4D}"
EndProject
Project("{FAE04EC0-301F-11D3-BF4B-00C04F79EFBC}") = "Assembly-CSharp-Editor", "Assembly-CSharp-Editor.csproj", "{A11260F5-79DB-4CB5-7AC5-BFFCE5C901ED}"
EndProject
Project("{FAE04EC0-301F-11D3-BF4B-00C04F79EFBC}") = "VuforiaEditorScripts", "VuforiaEditorScripts.csproj", "{F111173D-63D1-2ADF-67E9-34B0AD35620F}"
EndProject
Project("{FAE04EC0-301F-11D3-BF4B-00C04F79EFBC}") = "VuforiaVersionCheckerScripts", "VuforiaVersionCheckerScripts.csproj", "{C2AA473A-219B-A656-F81B-156138E8A0C6}"
EndProject
Global
	GlobalSection(SolutionConfigurationPlatforms) = preSolution
		Debug|Any CPU = Debug|Any CPU
		Release|Any CPU = Release|Any CPU
	EndGlobalSection
	GlobalSection(ProjectConfigurationPlatforms) = postSolution
		{798D0ADB-0EA8-0E53-B483-8625EE5EF0E7}.Debug|Any CPU.ActiveCfg = Debug|Any CPU
		{798D0ADB-0EA8-0E53-B483-8625EE5EF0E7}.Debug|Any CPU.Build.0 = Debug|Any CPU
		{798D0ADB-0EA8-0E53-B483-8625EE5EF0E7}.Release|Any CPU.ActiveCfg = Release|Any CPU
		{798D0ADB-0EA8-0E53-B483-8625EE5EF0E7}.Release|Any CPU.Build.0 = Release|Any CPU
		{AA6A6BDE-5E0E-54AB-6612-8846F805EF4D}.Debug|Any CPU.ActiveCfg = Debug|Any CPU
		{AA6A6BDE-5E0E-54AB-6612-8846F805EF4D}.Debug|Any CPU.Build.0 = Debug|Any CPU
		{AA6A6BDE-5E0E-54AB-6612-8846F805EF4D}.Release|Any CPU.ActiveCfg = Release|Any CPU
		{AA6A6BDE-5E0E-54AB-6612-8846F805EF4D}.Release|Any CPU.Build.0 = Release|Any CPU
		{A11260F5-79DB-4CB5-7AC5-BFFCE5C901ED}.Debug|Any CPU.ActiveCfg = Debug|Any CPU
		{A11260F5-79DB-4CB5-7AC5-BFFCE5C901ED}.Debug|Any CPU.Build.0 = Debug|Any CPU
		{A11260F5-79DB-4CB5-7AC5-BFFCE5C901ED}.Release|Any CPU.ActiveCfg = Release|Any CPU
		{A11260F5-79DB-4CB5-7AC5-BFFCE5C901ED}.Release|Any CPU.Build.0 = Release|Any CPU
		{F111173D-63D1-2ADF-67E9-34B0AD35620F}.Debug|Any CPU.ActiveCfg = Debug|Any CPU
		{F111173D-63D1-2ADF-67E9-34B0AD35620F}.Debug|Any CPU.Build.0 = Debug|Any CPU
		{F111173D-63D1-2ADF-67E9-34B0AD35620F}.Release|Any CPU.ActiveCfg = Release|Any CPU
		{F111173D-63D1-2ADF-67E9-34B0AD35620F}.Release|Any CPU.Build.0 = Release|Any CPU
		{C2AA473A-219B-A656-F81B-156138E8A0C6}.Debug|Any CPU.ActiveCfg = Debug|Any CPU
		{C2AA473A-219B-A656-F81B-156138E8A0C6}.Debug|Any CPU.Build.0 = Debug|Any CPU
		{C2AA473A-219B-A656-F81B-156138E8A0C6}.Release|Any CPU.ActiveCfg = Release|Any CPU
		{C2AA473A-219B-A656-F81B-156138E8A0C6}.Release|Any CPU.Build.0 = Release|Any CPU
	EndGlobalSection
	GlobalSection(SolutionProperties) = preSolution
		HideSolutionNode = FALSE
	EndGlobalSection
EndGlobal
